
Microsoft Visual Studio Solution File, Format Version 12.00
# Visual Studio Version 17
VisualStudioVersion = 17.0.31903.59
MinimumVisualStudioVersion = 10.0.40219.1
Project("{9A19103F-16F7-4668-BE54-9A1E7A4F7556}") = "SW_GNSS", "SW_GNSS\SW_GNSS.csproj", "{20BB7B0E-2C53-4F3A-8926-024E31DC542C}"
EndProject
Global
	GlobalSection(SolutionConfigurationPlatforms) = preSolution
		Debug|Any CPU = Debug|Any CPU
		Release|Any CPU = Release|Any CPU
	EndGlobalSection
	GlobalSection(ProjectConfigurationPlatforms) = postSolution
		{20BB7B0E-2C53-4F3A-8926-024E31DC542C}.Debug|Any CPU.ActiveCfg = Debug|Any CPU
		{20BB7B0E-2C53-4F3A-8926-024E31DC542C}.Debug|Any CPU.Build.0 = Debug|Any CPU
		{20BB7B0E-2C53-4F3A-8926-024E31DC542C}.Release|Any CPU.ActiveCfg = Release|Any CPU
		{20BB7B0E-2C53-4F3A-8926-024E31DC542C}.Release|Any CPU.Build.0 = Release|Any CPU
	EndGlobalSection
	GlobalSection(SolutionProperties) = preSolution
		HideSolutionNode = FALSE
	EndGlobalSection
	GlobalSection(ExtensibilityGlobals) = postSolution
		SolutionGuid = {68037ACC-95E8-49F1-9FA0-DE109023398A}
	EndGlobalSection
EndGlobal
